# This file is automatically @generated by Wally.
# It is not intended for manual editing.
registry = "test"

[[package]]
name = "data-oriented-house/lemonsignal"
version = "2.0.0"
dependencies = []

[[package]]
name = "evaera/promise"
version = "4.0.0"
dependencies = []

[[package]]
name = "firebird702/profileservice"
version = "1.1.0"
dependencies = []

[[package]]
name = "howmanysmall/janitor"
version = "1.18.3"
dependencies = [["Promise", "howmanysmall/typed-promise@4.0.6"]]

[[package]]
name = "howmanysmall/typed-promise"
version = "4.0.6"
dependencies = [["Promise", "evaera/promise@4.0.0"]]

[[package]]
name = "sleitnick/component"
version = "2.4.8"
dependencies = [["Promise", "evaera/promise@4.0.0"], ["Signal", "sleitnick/signal@2.0.3"], ["Symbol", "sleitnick/symbol@2.0.1"], ["Trove", "sleitnick/trove@1.8.0"]]

[[package]]
name = "sleitnick/signal"
version = "2.0.3"
dependencies = []

[[package]]
name = "sleitnick/symbol"
version = "2.0.1"
dependencies = []

[[package]]
name = "sleitnick/trove"
version = "1.8.0"
dependencies = []

[[package]]
name = "thiagohaga/captain"
version = "0.1.0"
dependencies = [["Component", "sleitnick/component@2.4.8"], ["Janitor", "howmanysmall/janitor@1.18.3"], ["LemonSignal", "data-oriented-house/lemonsignal@2.0.0"], ["Promise", "evaera/promise@4.0.0"], ["ProfileService", "firebird702/profileservice@1.1.0"]]
